# THIS IS AN AUTOGENERATED FILE. DO NOT EDIT THIS FILE DIRECTLY.
# yarn lockfile v1


madr@^2.1.2:
  version "2.1.2"
  resolved "https://registry.yarnpkg.com/madr/-/madr-2.1.2.tgz#0cd604e858d51f8e2be5ca573c887879063909fb"
  integrity sha512-n+dkvy8NMMIHEMp2qaOQfxiy1Zqs5UfygEw1hqmBYqQdMgnVZSrS2BWN9NThzoHKWuFnhyWwmy0ls6k5XZ03Gg==
